
Microsoft Visual Studio Solution File, Format Version 12.00
# Visual Studio Version 17
VisualStudioVersion = 17.1.32319.34
MinimumVisualStudioVersion = 10.0.40219.1
Project("{FAE04EC0-301F-11D3-BF4B-00C04F79EFBC}") = "BookList.Android", "BookList.Android\BookList.Android.csproj", "{CBEC7556-B1F0-4340-98AB-56E06F3BB0F9}"
EndProject
Project("{FAE04EC0-301F-11D3-BF4B-00C04F79EFBC}") = "BookList.iOS", "BookList.iOS\BookList.iOS.csproj", "{6B42E4B6-CF1B-4216-8BC8-60C044D175DB}"
EndProject
Project("{FAE04EC0-301F-11D3-BF4B-00C04F79EFBC}") = "BookList", "BookList\BookList.csproj", "{24594497-5931-484E-9C06-69C7294F1973}"
EndProject
Global
	GlobalSection(SolutionConfigurationPlatforms) = preSolution
		Debug|Any CPU = Debug|Any CPU
		Debug|iPhone = Debug|iPhone
		Debug|iPhoneSimulator = Debug|iPhoneSimulator
		Release|Any CPU = Release|Any CPU
		Release|iPhone = Release|iPhone
		Release|iPhoneSimulator = Release|iPhoneSimulator
	EndGlobalSection
	GlobalSection(ProjectConfigurationPlatforms) = postSolution
		{CBEC7556-B1F0-4340-98AB-56E06F3BB0F9}.Debug|Any CPU.ActiveCfg = Debug|Any CPU
		{CBEC7556-B1F0-4340-98AB-56E06F3BB0F9}.Debug|Any CPU.Build.0 = Debug|Any CPU
		{CBEC7556-B1F0-4340-98AB-56E06F3BB0F9}.Debug|Any CPU.Deploy.0 = Debug|Any CPU
		{CBEC7556-B1F0-4340-98AB-56E06F3BB0F9}.Debug|iPhone.ActiveCfg = Debug|Any CPU
		{CBEC7556-B1F0-4340-98AB-56E06F3BB0F9}.Debug|iPhone.Build.0 = Debug|Any CPU
		{CBEC7556-B1F0-4340-98AB-56E06F3BB0F9}.Debug|iPhone.Deploy.0 = Debug|Any CPU
		{CBEC7556-B1F0-4340-98AB-56E06F3BB0F9}.Debug|iPhoneSimulator.ActiveCfg = Debug|Any CPU
		{CBEC7556-B1F0-4340-98AB-56E06F3BB0F9}.Debug|iPhoneSimulator.Build.0 = Debug|Any CPU
		{CBEC7556-B1F0-4340-98AB-56E06F3BB0F9}.Debug|iPhoneSimulator.Deploy.0 = Debug|Any CPU
		{CBEC7556-B1F0-4340-98AB-56E06F3BB0F9}.Release|Any CPU.ActiveCfg = Release|Any CPU
		{CBEC7556-B1F0-4340-98AB-56E06F3BB0F9}.Release|Any CPU.Build.0 = Release|Any CPU
		{CBEC7556-B1F0-4340-98AB-56E06F3BB0F9}.Release|Any CPU.Deploy.0 = Release|Any CPU
		{CBEC7556-B1F0-4340-98AB-56E06F3BB0F9}.Release|iPhone.ActiveCfg = Release|Any CPU
		{CBEC7556-B1F0-4340-98AB-56E06F3BB0F9}.Release|iPhone.Build.0 = Release|Any CPU
		{CBEC7556-B1F0-4340-98AB-56E06F3BB0F9}.Release|iPhone.Deploy.0 = Release|Any CPU
		{CBEC7556-B1F0-4340-98AB-56E06F3BB0F9}.Release|iPhoneSimulator.ActiveCfg = Release|Any CPU
		{CBEC7556-B1F0-4340-98AB-56E06F3BB0F9}.Release|iPhoneSimulator.Build.0 = Release|Any CPU
		{CBEC7556-B1F0-4340-98AB-56E06F3BB0F9}.Release|iPhoneSimulator.Deploy.0 = Release|Any CPU
		{6B42E4B6-CF1B-4216-8BC8-60C044D175DB}.Debug|Any CPU.ActiveCfg = Debug|iPhone
		{6B42E4B6-CF1B-4216-8BC8-60C044D175DB}.Debug|Any CPU.Build.0 = Debug|iPhone
		{6B42E4B6-CF1B-4216-8BC8-60C044D175DB}.Debug|Any CPU.Deploy.0 = Debug|iPhone
		{6B42E4B6-CF1B-4216-8BC8-60C044D175DB}.Debug|iPhone.ActiveCfg = Debug|iPhone
		{6B42E4B6-CF1B-4216-8BC8-60C044D175DB}.Debug|iPhone.Build.0 = Debug|iPhone
		{6B42E4B6-CF1B-4216-8BC8-60C044D175DB}.Debug|iPhone.Deploy.0 = Debug|iPhone
		{6B42E4B6-CF1B-4216-8BC8-60C044D175DB}.Debug|iPhoneSimulator.ActiveCfg = Debug|iPhoneSimulator
		{6B42E4B6-CF1B-4216-8BC8-60C044D175DB}.Debug|iPhoneSimulator.Build.0 = Debug|iPhoneSimulator
		{6B42E4B6-CF1B-4216-8BC8-60C044D175DB}.Debug|iPhoneSimulator.Deploy.0 = Debug|iPhoneSimulator
		{6B42E4B6-CF1B-4216-8BC8-60C044D175DB}.Release|Any CPU.ActiveCfg = Release|iPhoneSimulator
		{6B42E4B6-CF1B-4216-8BC8-60C044D175DB}.Release|Any CPU.Build.0 = Release|iPhoneSimulator
		{6B42E4B6-CF1B-4216-8BC8-60C044D175DB}.Release|Any CPU.Deploy.0 = Release|iPhoneSimulator
		{6B42E4B6-CF1B-4216-8BC8-60C044D175DB}.Release|iPhone.ActiveCfg = Release|iPhone
		{6B42E4B6-CF1B-4216-8BC8-60C044D175DB}.Release|iPhone.Build.0 = Release|iPhone
		{6B42E4B6-CF1B-4216-8BC8-60C044D175DB}.Release|iPhone.Deploy.0 = Release|iPhone
		{6B42E4B6-CF1B-4216-8BC8-60C044D175DB}.Release|iPhoneSimulator.ActiveCfg = Release|iPhoneSimulator
		{6B42E4B6-CF1B-4216-8BC8-60C044D175DB}.Release|iPhoneSimulator.Build.0 = Release|iPhoneSimulator
		{6B42E4B6-CF1B-4216-8BC8-60C044D175DB}.Release|iPhoneSimulator.Deploy.0 = Release|iPhoneSimulator
		{24594497-5931-484E-9C06-69C7294F1973}.Debug|Any CPU.ActiveCfg = Debug|Any CPU
		{24594497-5931-484E-9C06-69C7294F1973}.Debug|Any CPU.Build.0 = Debug|Any CPU
		{24594497-5931-484E-9C06-69C7294F1973}.Debug|Any CPU.Deploy.0 = Debug|Any CPU
		{24594497-5931-484E-9C06-69C7294F1973}.Debug|iPhone.ActiveCfg = Debug|Any CPU
		{24594497-5931-484E-9C06-69C7294F1973}.Debug|iPhone.Build.0 = Debug|Any CPU
		{24594497-5931-484E-9C06-69C7294F1973}.Debug|iPhone.Deploy.0 = Debug|Any CPU
		{24594497-5931-484E-9C06-69C7294F1973}.Debug|iPhoneSimulator.ActiveCfg = Debug|Any CPU
		{24594497-5931-484E-9C06-69C7294F1973}.Debug|iPhoneSimulator.Build.0 = Debug|Any CPU
		{24594497-5931-484E-9C06-69C7294F1973}.Debug|iPhoneSimulator.Deploy.0 = Debug|Any CPU
		{24594497-5931-484E-9C06-69C7294F1973}.Release|Any CPU.ActiveCfg = Release|Any CPU
		{24594497-5931-484E-9C06-69C7294F1973}.Release|Any CPU.Build.0 = Release|Any CPU
		{24594497-5931-484E-9C06-69C7294F1973}.Release|Any CPU.Deploy.0 = Release|Any CPU
		{24594497-5931-484E-9C06-69C7294F1973}.Release|iPhone.ActiveCfg = Release|Any CPU
		{24594497-5931-484E-9C06-69C7294F1973}.Release|iPhone.Build.0 = Release|Any CPU
		{24594497-5931-484E-9C06-69C7294F1973}.Release|iPhone.Deploy.0 = Release|Any CPU
		{24594497-5931-484E-9C06-69C7294F1973}.Release|iPhoneSimulator.ActiveCfg = Release|Any CPU
		{24594497-5931-484E-9C06-69C7294F1973}.Release|iPhoneSimulator.Build.0 = Release|Any CPU
		{24594497-5931-484E-9C06-69C7294F1973}.Release|iPhoneSimulator.Deploy.0 = Release|Any CPU
	EndGlobalSection
	GlobalSection(SolutionProperties) = preSolution
		HideSolutionNode = FALSE
	EndGlobalSection
	GlobalSection(ExtensibilityGlobals) = postSolution
		SolutionGuid = {A56D38F8-E67D-4218-BD62-EFD3C494B584}
	EndGlobalSection
EndGlobal
